
Microsoft Visual Studio Solution File, Format Version 12.00
# Visual Studio Version 17
VisualStudioVersion = 17.4.33213.308
MinimumVisualStudioVersion = 10.0.40219.1
Project("{FAE04EC0-301F-11D3-BF4B-00C04F79EFBC}") = "ConceitoMongoDB", "ConceitoMongoDB\ConceitoMongoDB.csproj", "{856424A5-56EF-4064-91F3-6AD25F7E0DB5}"
EndProject
Global
	GlobalSection(SolutionConfigurationPlatforms) = preSolution
		Debug|Any CPU = Debug|Any CPU
		Release|Any CPU = Release|Any CPU
	EndGlobalSection
	GlobalSection(ProjectConfigurationPlatforms) = postSolution
		{856424A5-56EF-4064-91F3-6AD25F7E0DB5}.Debug|Any CPU.ActiveCfg = Debug|Any CPU
		{856424A5-56EF-4064-91F3-6AD25F7E0DB5}.Debug|Any CPU.Build.0 = Debug|Any CPU
		{856424A5-56EF-4064-91F3-6AD25F7E0DB5}.Release|Any CPU.ActiveCfg = Release|Any CPU
		{856424A5-56EF-4064-91F3-6AD25F7E0DB5}.Release|Any CPU.Build.0 = Release|Any CPU
	EndGlobalSection
	GlobalSection(SolutionProperties) = preSolution
		HideSolutionNode = FALSE
	EndGlobalSection
	GlobalSection(ExtensibilityGlobals) = postSolution
		SolutionGuid = {4216FC9E-5CE1-4F1D-B826-5519AC036961}
	EndGlobalSection
EndGlobal
